// !$*UTF8*$!
{
	archiveVersion = 1;
	classes = {
	};
	objectVersion = 46;
	objects = {

/* Begin PBXBuildFile section */
		16D71671202AF0B1000339BC /* main.m in Sources */ = {isa = PBXBuildFile; fileRef = 16D71670202AF0B1000339BC /* main.m */; };
		16D71674202AF0B1000339BC /* AppDelegate.m in Sources */ = {isa = PBXBuildFile; fileRef = 16D71673202AF0B1000339BC /* AppDelegate.m */; };
		16D71677202AF0B1000339BC /* ViewController.m in Sources */ = {isa = PBXBuildFile; fileRef = 16D71676202AF0B1000339BC /* ViewController.m */; };
		16D7167A202AF0B1000339BC /* Main.storyboard in Resources */ = {isa = PBXBuildFile; fileRef = 16D71678202AF0B1000339BC /* Main.storyboard */; };
		16D7167C202AF0B1000339BC /* Assets.xcassets in Resources */ = {isa = PBXBuildFile; fileRef = 16D7167B202AF0B1000339BC /* Assets.xcassets */; };
		16D7167F202AF0B1000339BC /* LaunchScreen.storyboard in Resources */ = {isa = PBXBuildFile; fileRef = 16D7167D202AF0B1000339BC /* LaunchScreen.storyboard */; };
/* End PBXBuildFile section */

/* Begin PBXFileReference section */
		16D7166C202AF0B1000339BC /* Pigeons.app */ = {isa = PBXFileReference; explicitFileType = wrapper.application; includeInIndex = 0; path = Pigeons.app; sourceTree = BUILT_PRODUCTS_DIR; };
		16D71670202AF0B1000339BC /* main.m */ = {isa = PBXFileReference; lastKnownFileType = sourcecode.c.objc; path = main.m; sourceTree = "<group>"; };
		16D71672202AF0B1000339BC /* AppDelegate.h */ = {isa = PBXFileReference; lastKnownFileType = sourcecode.c.h; path = AppDelegate.h; sourceTree = "<group>"; };
		16D71673202AF0B1000339BC /* AppDelegate.m */ = {isa = PBXFileReference; lastKnownFileType = sourcecode.c.objc; path = AppDelegate.m; sourceTree = "<group>"; };
		16D71675202AF0B1000339BC /* ViewController.h */ = {isa = PBXFileReference; lastKnownFileType = sourcecode.c.h; path = ViewController.h; sourceTree = "<group>"; };
		16D71676202AF0B1000339BC /* ViewController.m */ = {isa = PBXFileReference; lastKnownFileType = sourcecode.c.objc; path = ViewController.m; sourceTree = "<group>"; };
		16D71679202AF0B1000339BC /* Base */ = {isa = PBXFileReference; lastKnownFileType = file.storyboard; name = Base; path = Base.lproj/Main.storyboard; sourceTree = "<group>"; };
		16D7167B202AF0B1000339BC /* Assets.xcassets */ = {isa = PBXFileReference; lastKnownFileType = folder.assetcatalog; path = Assets.xcassets; sourceTree = "<group>"; };
		16D7167E202AF0B1000339BC /* Base */ = {isa = PBXFileReference; lastKnownFileType = file.storyboard; name = Base; path = Base.lproj/LaunchScreen.storyboard; sourceTree = "<group>"; };
		16D71680202AF0B1000339BC /* Info.plist */ = {isa = PBXFileReference; lastKnownFileType = text.plist.xml; path = Info.plist; sourceTree = "<group>"; };
/* End PBXFileReference section */

/* Begin PBXFrameworksBuildPhase section */
		16D71669202AF0B1000339BC /* Frameworks */ = {
			isa = PBXFrameworksBuildPhase;
			buildActionMask = 2147483647;
			files = (
			);
			runOnlyForDeploymentPostprocessing = 0;
		};
/* End PBXFrameworksBuildPhase section */

/* Begin PBXGroup section */
		16D71663202AF0B1000339BC = {
			isa = PBXGroup;
			children = (
				16D7166E202AF0B1000339BC /* Pigeons */,
				16D7166D202AF0B1000339BC /* Products */,
			);
			sourceTree = "<group>";
		};
		16D7166D202AF0B1000339BC /* Products */ = {
			isa = PBXGroup;
			children = (
				16D7166C202AF0B1000339BC /* Pigeons.app */,
			);
			name = Products;
			sourceTree = "<group>";
		};
		16D7166E202AF0B1000339BC /* Pigeons */ = {
			isa = PBXGroup;
			children = (
				16D71672202AF0B1000339BC /* AppDelegate.h */,
				16D71673202AF0B1000339BC /* AppDelegate.m */,
				16D71675202AF0B1000339BC /* ViewController.h */,
				16D71676202AF0B1000339BC /* ViewController.m */,
				16D71678202AF0B1000339BC /* Main.storyboard */,
				16D7167B202AF0B1000339BC /* Assets.xcassets */,
				16D7167D202AF0B1000339BC /* LaunchScreen.storyboard */,
				16D71680202AF0B1000339BC /* Info.plist */,
				16D7166F202AF0B1000339BC /* Supporting Files */,
			);
			path = Pigeons;
			sourceTree = "<group>";
		};
		16D7166F202AF0B1000339BC /* Supporting Files */ = {
			isa = PBXGroup;
			children = (
				16D71670202AF0B1000339BC /* main.m */,
			);
			name = "Supporting Files";
			sourceTree = "<group>";
		};
/* End PBXGroup section */

/* Begin PBXNativeTarget section */
		16D7166B202AF0B1000339BC /* Pigeons */ = {
			isa = PBXNativeTarget;
			buildConfigurationList = 16D71683202AF0B1000339BC /* Build configuration list for PBXNativeTarget "Pigeons" */;
			buildPhases = (
				16D71668202AF0B1000339BC /* Sources */,
				16D71669202AF0B1000339BC /* Frameworks */,
				16D7166A202AF0B1000339BC /* Resources */,
			);
			buildRules = (
			);
			dependencies = (
			);
			name = Pigeons;
			productName = Pigeons;
			productReference = 16D7166C202AF0B1000339BC /* Pigeons.app */;
			productType = "com.apple.product-type.application";
		};
/* End PBXNativeTarget section */

/* Begin PBXProject section */
		16D71664202AF0B1000339BC /* Project object */ = {
			isa = PBXProject;
			attributes = {
				LastUpgradeCheck = 0830;
				ORGANIZATIONNAME = "Core Sparker";
				TargetAttributes = {
					16D7166B202AF0B1000339BC = {
						CreatedOnToolsVersion = 8.3.1;
						DevelopmentTeam = 48GC2PXZGE;
						ProvisioningStyle = Automatic;
					};
				};
			};
			buildConfigurationList = 16D71667202AF0B1000339BC /* Build configuration list for PBXProject "Pigeons" */;
			compatibilityVersion = "Xcode 3.2";
			developmentRegion = English;
			hasScannedForEncodings = 0;
			knownRegions = (
				en,
				Base,
			);
			mainGroup = 16D71663202AF0B1000339BC;
			productRefGroup = 16D7166D202AF0B1000339BC /* Products */;
			projectDirPath = "";
			projectRoot = "";
			targets = (
				16D7166B202AF0B1000339BC /* Pigeons */,
			);
		};
/* End PBXProject section */

/* Begin PBXResourcesBuildPhase section */
		16D7166A202AF0B1000339BC /* Resources */ = {
			isa = PBXResourcesBuildPhase;
			buildActionMask = 2147483647;
			files = (
				16D7167F202AF0B1000339BC /* LaunchScreen.storyboard in Resources */,
				16D7167C202AF0B1000339BC /* Assets.xcassets in Resources */,
				16D7167A202AF0B1000339BC /* Main.storyboard in Resources */,
			);
			runOnlyForDeploymentPostprocessing = 0;
		};
/* End PBXResourcesBuildPhase section */

/* Begin PBXSourcesBuildPhase section */
		16D71668202AF0B1000339BC /* Sources */ = {
			isa = PBXSourcesBuildPhase;
			buildActionMask = 2147483647;
			files = (
				16D71677202AF0B1000339BC /* ViewController.m in Sources */,
				16D71674202AF0B1000339BC /* AppDelegate.m in Sources */,
				16D71671202AF0B1000339BC /* main.m in Sources */,
			);
			runOnlyForDeploymentPostprocessing = 0;
		};
/* End PBXSourcesBuildPhase section */

/* Begin PBXVariantGroup section */
		16D71678202AF0B1000339BC /* Main.storyboard */ = {
			isa = PBXVariantGroup;
			children = (
				16D71679202AF0B1000339BC /* Base */,
			);
			name = Main.storyboard;
			sourceTree = "<group>";
		};
		16D7167D202AF0B1000339BC /* LaunchScreen.storyboard */ = {
			isa = PBXVariantGroup;
			children = (
				16D7167E202AF0B1000339BC /* Base */,
			);
			name = LaunchScreen.storyboard;
			sourceTree = "<group>";
		};
/* End PBXVariantGroup section */

/* Begin XCBuildConfiguration section */
		16D71681202AF0B1000339BC /* Debug */ = {
			isa = XCBuildConfiguration;
			buildSettings = {
				ALWAYS_SEARCH_USER_PATHS = NO;
				CLANG_ANALYZER_NONNULL = YES;
				CLANG_ANALYZER_NUMBER_OBJECT_CONVERSION = YES_AGGRESSIVE;
				CLANG_CXX_LANGUAGE_STANDARD = "gnu++0x";
				CLANG_CXX_LIBRARY = "libc++";
				CLANG_ENABLE_MODULES = YES;
				CLANG_ENABLE_OBJC_ARC = YES;
				CLANG_WARN_BOOL_CONVERSION = YES;
				CLANG_WARN_CONSTANT_CONVERSION = YES;
				CLANG_WARN_DIRECT_OBJC_ISA_USAGE = YES_ERROR;
				CLANG_WARN_DOCUMENTATION_COMMENTS = YES;
				CLANG_WARN_EMPTY_BODY = YES;
				CLANG_WARN_ENUM_CONVERSION = YES;
				CLANG_WARN_INFINITE_RECURSION = YES;
				CLANG_WARN_INT_CONVERSION = YES;
				CLANG_WARN_OBJC_ROOT_CLASS = YES_ERROR;
				CLANG_WARN_SUSPICIOUS_MOVE = YES;
				CLANG_WARN_UNREACHABLE_CODE = YES;
				CLANG_WARN__DUPLICATE_METHOD_MATCH = YES;
				"CODE_SIGN_IDENTITY[sdk=iphoneos*]" = "iPhone Developer";
				COPY_PHASE_STRIP = NO;
				DEBUG_INFORMATION_FORMAT = dwarf;
				ENABLE_STRICT_OBJC_MSGSEND = YES;
				ENABLE_TESTABILITY = YES;
				GCC_C_LANGUAGE_STANDARD = gnu99;
				GCC_DYNAMIC_NO_PIC = NO;
				GCC_NO_COMMON_BLOCKS = YES;
				GCC_OPTIMIZATION_LEVEL = 0;
				GCC_PREPROCESSOR_DEFINITIONS = (
					"DEBUG=1",
					"$(inherited)",
				);
				GCC_WARN_64_TO_32_BIT_CONVERSION = YES;
				GCC_WARN_ABOUT_RETURN_TYPE = YES_ERROR;
				GCC_WARN_UNDECLARED_SELECTOR = YES;
				GCC_WARN_UNINITIALIZED_AUTOS = YES_AGGRESSIVE;
				GCC_WARN_UNUSED_FUNCTION = YES;
				GCC_WARN_UNUSED_VARIABLE = YES;
				IPHONEOS_DEPLOYMENT_TARGET = 10.3;
				MTL_ENABLE_DEBUG_INFO = YES;
				ONLY_ACTIVE_ARCH = YES;
				SDKROOT = iphoneos;
				TARGETED_DEVICE_FAMILY = "1,2";
			};
			name = Debug;
		};
		16D71682202AF0B1000339BC /* Release */ = {
			isa = XCBuildConfiguration;
			buildSettings = {
				ALWAYS_SEARCH_USER_PATHS = NO;
				CLANG_ANALYZER_NONNULL = YES;
				CLANG_ANALYZER_NUMBER_OBJECT_CONVERSION = YES_AGGRESSIVE;
				CLANG_CXX_LANGUAGE_STANDARD = "gnu++0x";
				CLANG_CXX_LIBRARY = "libc++";
				CLANG_ENABLE_MODULES = YES;
				CLANG_ENABLE_OBJC_ARC = YES;
				CLANG_WARN_BOOL_CONVERSION = YES;
				CLANG_WARN_CONSTANT_CONVERSION = YES;
				CLANG_WARN_DIRECT_OBJC_ISA_USAGE = YES_ERROR;
				CLANG_WARN_DOCUMENTATION_COMMENTS = YES;
				CLANG_WARN_EMPTY_BODY = YES;
				CLANG_WARN_ENUM_CONVERSION = YES;
				CLANG_WARN_INFINITE_RECURSION = YES;
				CLANG_WARN_INT_CONVERSION = YES;
				CLANG_WARN_OBJC_ROOT_CLASS = YES_ERROR;
				CLANG_WARN_SUSPICIOUS_MOVE = YES;
				CLANG_WARN_UNREACHABLE_CODE = YES;
				CLANG_WARN__DUPLICATE_METHOD_MATCH = YES;
				"CODE_SIGN_IDENTITY[sdk=iphoneos*]" = "iPhone Developer";
				COPY_PHASE_STRIP = NO;
				DEBUG_INFORMATION_FORMAT = "dwarf-with-dsym";
				ENABLE_NS_ASSERTIONS = NO;
				ENABLE_STRICT_OBJC_MSGSEND = YES;
				GCC_C_LANGUAGE_STANDARD = gnu99;
				GCC_NO_COMMON_BLOCKS = YES;
				GCC_WARN_64_TO_32_BIT_CONVERSION = YES;
				GCC_WARN_ABOUT_RETURN_TYPE = YES_ERROR;
				GCC_WARN_UNDECLARED_SELECTOR = YES;
				GCC_WARN_UNINITIALIZED_AUTOS = YES_AGGRESSIVE;
				GCC_WARN_UNUSED_FUNCTION = YES;
				GCC_WARN_UNUSED_VARIABLE = YES;
				IPHONEOS_DEPLOYMENT_TARGET = 10.3;
				MTL_ENABLE_DEBUG_INFO = NO;
				SDKROOT = iphoneos;
				TARGETED_DEVICE_FAMILY = "1,2";
				VALIDATE_PRODUCT = YES;
			};
			name = Release;
		};
		16D71684202AF0B1000339BC /* Debug */ = {
			isa = XCBuildConfiguration;
			buildSettings = {
				ASSETCATALOG_COMPILER_APPICON_NAME = AppIcon;
				DEVELOPMENT_TEAM = 48GC2PXZGE;
				INFOPLIST_FILE = Pigeons/Info.plist;
				LD_RUNPATH_SEARCH_PATHS = "$(inherited) @executable_path/Frameworks";
				PRODUCT_BUNDLE_IDENTIFIER = coresparker.Pigeons;
				PRODUCT_NAME = "$(TARGET_NAME)";
			};
			name = Debug;
		};
		16D71685202AF0B1000339BC /* Release */ = {
			isa = XCBuildConfiguration;
			buildSettings = {
				ASSETCATALOG_COMPILER_APPICON_NAME = AppIcon;
				DEVELOPMENT_TEAM = 48GC2PXZGE;
				INFOPLIST_FILE = Pigeons/Info.plist;
				LD_RUNPATH_SEARCH_PATHS = "$(inherited) @executable_path/Frameworks";
				PRODUCT_BUNDLE_IDENTIFIER = coresparker.Pigeons;
				PRODUCT_NAME = "$(TARGET_NAME)";
			};
			name = Release;
		};
/* End XCBuildConfiguration section */

/* Begin XCConfigurationList section */
		16D71667202AF0B1000339BC /* Build configuration list for PBXProject "Pigeons" */ = {
			isa = XCConfigurationList;
			buildConfigurations = (
				16D71681202AF0B1000339BC /* Debug */,
				16D71682202AF0B1000339BC /* Release */,
			);
			defaultConfigurationIsVisible = 0;
			defaultConfigurationName = Release;
		};
		16D71683202AF0B1000339BC /* Build configuration list for PBXNativeTarget "Pigeons" */ = {
			isa = XCConfigurationList;
			buildConfigurations = (
				16D71684202AF0B1000339BC /* Debug */,
				16D71685202AF0B1000339BC /* Release */,
			);
			defaultConfigurationIsVisible = 0;
		};
/* End XCConfigurationList section */
	};
	rootObject = 16D71664202AF0B1000339BC /* Project object */;
}
